<Solution>
  <Project Path="WeeklyPlanner.API/WeeklyPlanner.API.csproj" />
  <Project Path="WeeklyPlanner.Application/WeeklyPlanner.Application.csproj" />
  <Project Path="WeeklyPlanner.Infrastructure/WeeklyPlanner.Infrastructure.csproj" />
  <Project Path="WeeklyPlanner.Tests/WeeklyPlanner.Tests.csproj" />
</Solution>
